# @generated - this file is auto-generated by `mise lock` https://mise.en.dev/dev-tools/mise-lock.html

[[tools.actionlint]]
version = "1.7.12"
backend = "aqua:rhysd/actionlint"

[tools.actionlint."platforms.linux-arm64"]
checksum = "sha256:325e971b6ba9bfa504672e29be93c24981eeb1c07576d730e9f7c8805afff0c6"
url = "https://github.com/rhysd/actionlint/releases/download/v1.7.12/actionlint_1.7.12_linux_arm64.tar.gz"
url_api = "https://api.github.com/repos/rhysd/actionlint/releases/assets/384924897"
provenance = "github-attestations"

[tools.actionlint."platforms.linux-arm64-musl"]
checksum = "sha256:325e971b6ba9bfa504672e29be93c24981eeb1c07576d730e9f7c8805afff0c6"
url = "https://github.com/rhysd/actionlint/releases/download/v1.7.12/actionlint_1.7.12_linux_arm64.tar.gz"
url_api = "https://api.github.com/repos/rhysd/actionlint/releases/assets/384924897"
provenance = "github-attestations"

[tools.actionlint."platforms.linux-x64"]
checksum = "sha256:8aca8db96f1b94770f1b0d72b6dddcb1ebb8123cb3712530b08cc387b349a3d8"
url = "https://github.com/rhysd/actionlint/releases/download/v1.7.12/actionlint_1.7.12_linux_amd64.tar.gz"
url_api = "https://api.github.com/repos/rhysd/actionlint/releases/assets/384924896"
provenance = "github-attestations"

[tools.actionlint."platforms.linux-x64-musl"]
checksum = "sha256:8aca8db96f1b94770f1b0d72b6dddcb1ebb8123cb3712530b08cc387b349a3d8"
url = "https://github.com/rhysd/actionlint/releases/download/v1.7.12/actionlint_1.7.12_linux_amd64.tar.gz"
url_api = "https://api.github.com/repos/rhysd/actionlint/releases/assets/384924896"
provenance = "github-attestations"

[tools.actionlint."platforms.macos-arm64"]
checksum = "sha256:aba9ced2dee8d27fecca3dc7feb1a7f9a52caefa1eb46f3271ea66b6e0e6953f"
url = "https://github.com/rhysd/actionlint/releases/download/v1.7.12/actionlint_1.7.12_darwin_arm64.tar.gz"
url_api = "https://api.github.com/repos/rhysd/actionlint/releases/assets/384924893"
provenance = "github-attestations"

[tools.actionlint."platforms.macos-x64"]
checksum = "sha256:5b44c3bc2255115c9b69e30efc0fecdf498fdb63c5d58e17084fd5f16324c644"
url = "https://github.com/rhysd/actionlint/releases/download/v1.7.12/actionlint_1.7.12_darwin_amd64.tar.gz"
url_api = "https://api.github.com/repos/rhysd/actionlint/releases/assets/384924880"
provenance = "github-attestations"

[tools.actionlint."platforms.windows-x64"]
checksum = "sha256:6e7241b51e6817ea6a047693d8e6fed13b31819c9a0dd6c5a726e1592d22f6e9"
url = "https://github.com/rhysd/actionlint/releases/download/v1.7.12/actionlint_1.7.12_windows_amd64.zip"
url_api = "https://api.github.com/repos/rhysd/actionlint/releases/assets/384924919"
provenance = "github-attestations"

[[tools.go]]
version = "1.27.0"
backend = "core:go"

[tools.go."platforms.linux-arm64"]
checksum = "sha256:51798d2c42d0e1c6ed7fd9f48728b4193abac9e8aad6dbac2fe96a81f5909bda"
url = "https://dl.google.com/go/go1.27.0.linux-arm64.tar.gz"

[tools.go."platforms.linux-arm64-musl"]
checksum = "sha256:51798d2c42d0e1c6ed7fd9f48728b4193abac9e8aad6dbac2fe96a81f5909bda"
url = "https://dl.google.com/go/go1.27.0.linux-arm64.tar.gz"

[tools.go."platforms.linux-x64"]
checksum = "sha256:675c26c449cbb18fc24b74650de1eabbae6e16f64326fd85a283fb3b58280685"
url = "https://dl.google.com/go/go1.27.0.linux-amd64.tar.gz"

[tools.go."platforms.linux-x64-musl"]
checksum = "sha256:675c26c449cbb18fc24b74650de1eabbae6e16f64326fd85a283fb3b58280685"
url = "https://dl.google.com/go/go1.27.0.linux-amd64.tar.gz"

[tools.go."platforms.macos-arm64"]
checksum = "sha256:90493b3bbd5e10f91d12153198bf1994fd756399b4fec93b49b0c6e2acdeeb3e"
url = "https://dl.google.com/go/go1.27.0.darwin-arm64.tar.gz"

[tools.go."platforms.macos-x64"]
checksum = "sha256:d3314e25496e4381d71a5c51d2907e7af655d199f6780b549f015bd85fef4986"
url = "https://dl.google.com/go/go1.27.0.darwin-amd64.tar.gz"

[tools.go."platforms.windows-x64"]
checksum = "sha256:f0c0a0d33ba94f4d2c5dbc887334ce678b21813504ddb3aafcb06e60a5a667c4"
url = "https://dl.google.com/go/go1.27.0.windows-amd64.zip"

[[tools.golangci-lint]]
version = "2.13.1"
backend = "aqua:golangci/golangci-lint"

[tools.golangci-lint."platforms.linux-arm64"]
checksum = "sha256:908317c23db18448f924e853b3d8a659fd919614cd438f224810a4053daa2607"
url = "https://github.com/golangci/golangci-lint/releases/download/v2.13.1/golangci-lint-2.13.1-linux-arm64.tar.gz"
url_api = "https://api.github.com/repos/golangci/golangci-lint/releases/assets/522396912"
provenance = "github-attestations"

[tools.golangci-lint."platforms.linux-arm64-musl"]
checksum = "sha256:908317c23db18448f924e853b3d8a659fd919614cd438f224810a4053daa2607"
url = "https://github.com/golangci/golangci-lint/releases/download/v2.13.1/golangci-lint-2.13.1-linux-arm64.tar.gz"
url_api = "https://api.github.com/repos/golangci/golangci-lint/releases/assets/522396912"
provenance = "github-attestations"

[tools.golangci-lint."platforms.linux-x64"]
checksum = "sha256:b17bfbc9d4aaa48be7f4f1ce3240bc3d8200c870c072bacf15c26219e2cfb9cc"
url = "https://github.com/golangci/golangci-lint/releases/download/v2.13.1/golangci-lint-2.13.1-linux-amd64.tar.gz"
url_api = "https://api.github.com/repos/golangci/golangci-lint/releases/assets/522396872"
provenance = "github-attestations"

[tools.golangci-lint."platforms.linux-x64-musl"]
checksum = "sha256:b17bfbc9d4aaa48be7f4f1ce3240bc3d8200c870c072bacf15c26219e2cfb9cc"
url = "https://github.com/golangci/golangci-lint/releases/download/v2.13.1/golangci-lint-2.13.1-linux-amd64.tar.gz"
url_api = "https://api.github.com/repos/golangci/golangci-lint/releases/assets/522396872"
provenance = "github-attestations"

[tools.golangci-lint."platforms.macos-arm64"]
checksum = "sha256:0c9818baf6fb8ad26c6d2ef51b68d5a1e260ef07727036b1431647cc44637c7c"
url = "https://github.com/golangci/golangci-lint/releases/download/v2.13.1/golangci-lint-2.13.1-darwin-arm64.tar.gz"
url_api = "https://api.github.com/repos/golangci/golangci-lint/releases/assets/522396798"
provenance = "github-attestations"

[tools.golangci-lint."platforms.macos-x64"]
checksum = "sha256:2c373363953e4e0bee2a03b7fe864a5eb6a3822927cb077d9ca33f2ae3cb2da2"
url = "https://github.com/golangci/golangci-lint/releases/download/v2.13.1/golangci-lint-2.13.1-darwin-amd64.tar.gz"
url_api = "https://api.github.com/repos/golangci/golangci-lint/releases/assets/522396867"
provenance = "github-attestations"

[tools.golangci-lint."platforms.windows-x64"]
checksum = "sha256:cc119bdd57d2b35ce36fbc174b54949e1a1e45f2cadaf64372cc799cabaf88a9"
url = "https://github.com/golangci/golangci-lint/releases/download/v2.13.1/golangci-lint-2.13.1-windows-amd64.zip"
url_api = "https://api.github.com/repos/golangci/golangci-lint/releases/assets/522396821"
provenance = "github-attestations"

[[tools.goreleaser]]
version = "2.18.0"
backend = "aqua:goreleaser/goreleaser"

[tools.goreleaser."platforms.linux-arm64"]
checksum = "sha256:1975566c9668e6f4247e6bb57656f21da13635c24d948ef47b1232e5c864a35b"
url = "https://github.com/goreleaser/goreleaser/releases/download/v2.18.0/goreleaser_Linux_arm64.tar.gz"
url_api = "https://api.github.com/repos/goreleaser/goreleaser/releases/assets/526873789"
provenance = "github-attestations"

[tools.goreleaser."platforms.linux-arm64-musl"]
checksum = "sha256:1975566c9668e6f4247e6bb57656f21da13635c24d948ef47b1232e5c864a35b"
url = "https://github.com/goreleaser/goreleaser/releases/download/v2.18.0/goreleaser_Linux_arm64.tar.gz"
url_api = "https://api.github.com/repos/goreleaser/goreleaser/releases/assets/526873789"
provenance = "github-attestations"

[tools.goreleaser."platforms.linux-x64"]
checksum = "sha256:41cdf49b653784b03a08013dd99e382cd5d463049e915c2d818eaed182ae6197"
url = "https://github.com/goreleaser/goreleaser/releases/download/v2.18.0/goreleaser_Linux_x86_64.tar.gz"
url_api = "https://api.github.com/repos/goreleaser/goreleaser/releases/assets/526873785"

[tools.goreleaser."platforms.linux-x64-musl"]
checksum = "sha256:41cdf49b653784b03a08013dd99e382cd5d463049e915c2d818eaed182ae6197"
url = "https://github.com/goreleaser/goreleaser/releases/download/v2.18.0/goreleaser_Linux_x86_64.tar.gz"
url_api = "https://api.github.com/repos/goreleaser/goreleaser/releases/assets/526873785"
provenance = "github-attestations"

[tools.goreleaser."platforms.macos-arm64"]
checksum = "sha256:285abb188274f3eebffb97fcd17a7d25f109fe33e234597c393e78e869386d5c"
url = "https://github.com/goreleaser/goreleaser/releases/download/v2.18.0/goreleaser_Darwin_all.tar.gz"
url_api = "https://api.github.com/repos/goreleaser/goreleaser/releases/assets/526873866"
provenance = "github-attestations"

[tools.goreleaser."platforms.macos-x64"]
checksum = "sha256:285abb188274f3eebffb97fcd17a7d25f109fe33e234597c393e78e869386d5c"
url = "https://github.com/goreleaser/goreleaser/releases/download/v2.18.0/goreleaser_Darwin_all.tar.gz"
url_api = "https://api.github.com/repos/goreleaser/goreleaser/releases/assets/526873866"
provenance = "github-attestations"

[tools.goreleaser."platforms.windows-x64"]
checksum = "sha256:cbd0aeab833806b6c07e2d156c2c9baaffa6e3d1fb870071bf3efc9d9e5b4777"
url = "https://github.com/goreleaser/goreleaser/releases/download/v2.18.0/goreleaser_Windows_x86_64.zip"
url_api = "https://api.github.com/repos/goreleaser/goreleaser/releases/assets/526873786"
provenance = "github-attestations"

[[tools.hk]]
version = "1.55.0"
backend = "aqua:jdx/hk"

[tools.hk."platforms.linux-arm64"]
checksum = "sha256:64c44aa0f26e995f7d9c44cc9c5116e20052bcefc821daf17ce3df265bb0b2d6"
url = "https://github.com/jdx/hk/releases/download/v1.55.0/hk-aarch64-unknown-linux-gnu.tar.gz"
url_api = "https://api.github.com/repos/jdx/hk/releases/assets/510729669"

[tools.hk."platforms.linux-arm64-musl"]
checksum = "sha256:21eccba81a4b9ac73431d876d8ed5add16a01df360f6d3d576279903254599f6"
url = "https://github.com/jdx/hk/releases/download/v1.55.0/hk-aarch64-unknown-linux-musl.tar.gz"
url_api = "https://api.github.com/repos/jdx/hk/releases/assets/510729671"

[tools.hk."platforms.linux-x64"]
checksum = "sha256:efd6ed276ae8a26cc95fcb8c83051d9a3fd05e124d38170c0f057a716e9de94d"
url = "https://github.com/jdx/hk/releases/download/v1.55.0/hk-x86_64-unknown-linux-gnu.tar.gz"
url_api = "https://api.github.com/repos/jdx/hk/releases/assets/510729679"

[tools.hk."platforms.linux-x64-musl"]
checksum = "sha256:f00e04f536bec16bbc8c7cf8696f834d6ad80ddbcc1e653e3110d12ee4de2b42"
url = "https://github.com/jdx/hk/releases/download/v1.55.0/hk-x86_64-unknown-linux-musl.tar.gz"
url_api = "https://api.github.com/repos/jdx/hk/releases/assets/510729680"

[tools.hk."platforms.macos-arm64"]
checksum = "sha256:a995ff68402bcf6c16ab054e4c45db592213bcd661c9b92003d4a62f2d56d4b1"
url = "https://github.com/jdx/hk/releases/download/v1.55.0/hk-aarch64-apple-darwin.tar.gz"
url_api = "https://api.github.com/repos/jdx/hk/releases/assets/510729670"

[tools.hk."platforms.windows-x64"]
checksum = "sha256:402b3c9c5f9a5b3cb8ab6229d0f6d169b122fc3db1e39fc2fa53421a1aa24fc5"
url = "https://github.com/jdx/hk/releases/download/v1.55.0/hk-x86_64-pc-windows-msvc.zip"
url_api = "https://api.github.com/repos/jdx/hk/releases/assets/510729674"

[[tools.node]]
version = "24.19.0"
backend = "core:node"

[tools.node."platforms.linux-arm64"]
checksum = "sha256:d28c8a5bf0a808f0ed434a1dce8c54ae98f0371c0bd86ac58abc613f73e6643f"
url = "https://nodejs.org/dist/v24.19.0/node-v24.19.0-linux-arm64.tar.gz"

[tools.node."platforms.linux-arm64-musl"]
checksum = "sha256:20824e4d35948fae5b337dccef47813b04d8995312f59df7386f2256d9f9ab7e"
url = "https://unofficial-builds.nodejs.org/download/release/v24.19.0/node-v24.19.0-linux-arm64-musl.tar.gz"

[tools.node."platforms.linux-x64"]
checksum = "sha256:f625d97cd707df4ff96254916fbc5ff014f09c09effe5a1e0ca8f6d41a8789d4"
url = "https://nodejs.org/dist/v24.19.0/node-v24.19.0-linux-x64.tar.gz"

[tools.node."platforms.linux-x64-musl"]
checksum = "sha256:c60223786df14a5d23e220ebb8e60318f5322640a62f90e6d9e54d3a18da532e"
url = "https://unofficial-builds.nodejs.org/download/release/v24.19.0/node-v24.19.0-linux-x64-musl.tar.gz"

[tools.node."platforms.macos-arm64"]
checksum = "sha256:8294b7aa9b03997481c06babf1e8b270c859358f27da57a11509afe537ac381d"
url = "https://nodejs.org/dist/v24.19.0/node-v24.19.0-darwin-arm64.tar.gz"

[tools.node."platforms.macos-x64"]
checksum = "sha256:d1b5e999db158c62fe8f7267a4476b035d8bd93b1a605bac24a3f0dd166e3316"
url = "https://nodejs.org/dist/v24.19.0/node-v24.19.0-darwin-x64.tar.gz"

[tools.node."platforms.windows-x64"]
checksum = "sha256:57f71ab3652e797d84acddc79c81cc9ff1c6ddb2a1974cdb83f00fee9bff4c73"
url = "https://nodejs.org/dist/v24.19.0/node-v24.19.0-win-x64.zip"

[[tools."npm:markdownlint-cli2"]]
version = "0.23.2"
backend = "npm:markdownlint-cli2"

[[tools."npm:renovate"]]
version = "44.39.1"
backend = "npm:renovate"

[tools."npm:renovate".options]
allow_builds = '["re2"]'
trust_policy_excludes = '["@yarnpkg/libzip@3.2.2"]'
